
Microsoft Visual Studio Solution File, Format Version 12.00
# Visual Studio Version 17
VisualStudioVersion = 17.14.36414.22
MinimumVisualStudioVersion = 10.0.40219.1
Project("{FAE04EC0-301F-11D3-BF4B-00C04F79EFBC}") = "PEZ OOP", "PEZ OOP\PEZ OOP.csproj", "{0E834661-361A-4C47-B905-532178990E73}"
EndProject
Project("{FAE04EC0-301F-11D3-BF4B-00C04F79EFBC}") = "OOPGyak1", "OOPGyak1\OOPGyak1.csproj", "{F1E2322C-AE62-418F-8EB7-463F49A3A05C}"
EndProject
Project("{FAE04EC0-301F-11D3-BF4B-00C04F79EFBC}") = "OOPGyak2", "OOPGyak2\OOPGyak2.csproj", "{72545D5C-D408-4F43-9875-F419A3B82B6D}"
EndProject
Project("{FAE04EC0-301F-11D3-BF4B-00C04F79EFBC}") = "OOP3Gyak", "OOP3Gyak\OOP3Gyak.csproj", "{FCD638FA-2B54-4FD7-87E3-518478C9FD40}"
EndProject
Project("{FAE04EC0-301F-11D3-BF4B-00C04F79EFBC}") = "OOPGyak4", "OOPGyak4\OOPGyak4.csproj", "{E2BC290E-5682-461D-AB7A-D9BB37F54341}"
EndProject
Project("{FAE04EC0-301F-11D3-BF4B-00C04F79EFBC}") = "OOPGyak6", "OOPGyak6\OOPGyak6.csproj", "{3FFF529A-D836-43AA-9414-9B84AA603D9C}"
EndProject
Project("{FAE04EC0-301F-11D3-BF4B-00C04F79EFBC}") = "OOPGyak5", "OOPGyak5\OOPGyak5.csproj", "{1C018A49-A646-42D9-A793-A483073BCD86}"
EndProject
Project("{FAE04EC0-301F-11D3-BF4B-00C04F79EFBC}") = "OOPGyak7", "OOPGyak7\OOPGyak7.csproj", "{644349B3-C27C-43EE-894A-47D7D199F50F}"
EndProject
Project("{FAE04EC0-301F-11D3-BF4B-00C04F79EFBC}") = "OOPGyakDogara", "OOPGyakDogara\OOPGyakDogara.csproj", "{D5975C0B-B85F-4A51-9D8C-DB4140C09DA9}"
EndProject
Project("{FAE04EC0-301F-11D3-BF4B-00C04F79EFBC}") = "Erettsegi_2025okt", "Erettsegi_2025okt\Erettsegi_2025okt.csproj", "{4C0F976C-CC3C-4DCC-9E26-E329E1BA7401}"
EndProject
Project("{FAE04EC0-301F-11D3-BF4B-00C04F79EFBC}") = "Erettsegi2020_meteorologiaijelentes", "Erettsegi2020_meteorologiaijelentes\Erettsegi2020_meteorologiaijelentes.csproj", "{29388DBA-5E3E-4F47-B859-CC7B9A8F0C71}"
EndProject
Project("{FAE04EC0-301F-11D3-BF4B-00C04F79EFBC}") = "Jelado", "Jelado\Jelado.csproj", "{DF658042-BF2F-41AE-BFAE-A2AF3180D97A}"
EndProject
Project("{FAE04EC0-301F-11D3-BF4B-00C04F79EFBC}") = "godor", "godor\godor.csproj", "{608AB7BF-DA61-4FB1-AB85-683ED345B890}"
EndProject
Project("{FAE04EC0-301F-11D3-BF4B-00C04F79EFBC}") = "tanciskola", "tanciskola\tanciskola.csproj", "{757B13EC-DD35-457E-BB53-5A40D9F5497C}"
EndProject
Project("{FAE04EC0-301F-11D3-BF4B-00C04F79EFBC}") = "OOP_Static", "OOP_Static\OOP_Static.csproj", "{85A4905C-A255-4E99-B11F-2EDDDCC13781}"
EndProject
Project("{FAE04EC0-301F-11D3-BF4B-00C04F79EFBC}") = "operator_feluliras", "operator_feluliras\operator_feluliras.csproj", "{28191268-B292-4092-AA6A-72F3B5449A1B}"
EndProject
Project("{FAE04EC0-301F-11D3-BF4B-00C04F79EFBC}") = "operatorFeluliras_01.03", "operatorFeluliras_01.03\operatorFeluliras_01.03.csproj", "{9B87F896-672C-4982-916C-F586CF879BAF}"
EndProject
Project("{FAE04EC0-301F-11D3-BF4B-00C04F79EFBC}") = "operator_feluliras_01.14", "operator_feluliras_01.14\operator_feluliras_01.14.csproj", "{CAFC0233-CE67-428F-A458-98C2BCFF6E91}"
EndProject
Project("{FAE04EC0-301F-11D3-BF4B-00C04F79EFBC}") = "koordianatak", "koordianatak\koordianatak.csproj", "{772D3036-CC10-4A79-B688-9A859B711D00}"
EndProject
Project("{FAE04EC0-301F-11D3-BF4B-00C04F79EFBC}") = "Listás_01-16", "Listás_01-16\Listás_01-16.csproj", "{DF5B9FC8-D189-4669-AE4B-7F3187137BE6}"
EndProject
Project("{FAE04EC0-301F-11D3-BF4B-00C04F79EFBC}") = "Doga 01.20", "Doga 01.20\Doga 01.20.csproj", "{E1998260-7494-4A6D-927E-F04907E226BB}"
EndProject
Project("{FAE04EC0-301F-11D3-BF4B-00C04F79EFBC}") = "dogaMegoldas_01.21", "dogaMegoldas_01.21\dogaMegoldas_01.21.csproj", "{66CC0E6F-F6B7-4610-8B91-4E6062782234}"
EndProject
Project("{FAE04EC0-301F-11D3-BF4B-00C04F79EFBC}") = "gyakRegExp", "gyakRegExp\gyakRegExp.csproj", "{48BCA623-EB8F-43F8-A2D2-0DAD3C98D74E}"
EndProject
Project("{FAE04EC0-301F-11D3-BF4B-00C04F79EFBC}") = "Shakespeare_regex", "Shakespeare_regex\Shakespeare_regex.csproj", "{5C79C994-15EE-4FC5-A55C-1348D553E55D}"
EndProject
Project("{FAE04EC0-301F-11D3-BF4B-00C04F79EFBC}") = "nevesFeladat02.03", "nevesFeladat02.03\nevesFeladat02.03.csproj", "{A9662B05-12D1-4649-8934-761CCAFBD66E}"
EndProject
Project("{FAE04EC0-301F-11D3-BF4B-00C04F79EFBC}") = "wpf02.04", "wpf02.04\wpf02.04.csproj", "{EE0BD42C-35B1-4737-B2B4-72C824D785EA}"
EndProject
Project("{FAE04EC0-301F-11D3-BF4B-00C04F79EFBC}") = "szamosGyak02.05", "szamosGyak02.05\szamosGyak02.05.csproj", "{BF5085E2-F951-4A2D-AEA6-A1C179B59120}"
EndProject
Project("{FAE04EC0-301F-11D3-BF4B-00C04F79EFBC}") = "latin tancok wpf", "latin tancok wpf\latin tancok wpf.csproj", "{0E8BDC04-19B6-4CE9-A98C-DBDD1A03664D}"
EndProject
Project("{FAE04EC0-301F-11D3-BF4B-00C04F79EFBC}") = "belepteto_erettsegi feladat", "belepteto_erettsegi feladat\belepteto_erettsegi feladat.csproj", "{E564EC66-A649-49CD-88C8-61B4892E1AA9}"
EndProject
Project("{FAE04EC0-301F-11D3-BF4B-00C04F79EFBC}") = "fajlos", "fajlos\fajlos.csproj", "{25B430EC-3C99-48D2-B0E1-374A3251E4F2}"
EndProject
Project("{FAE04EC0-301F-11D3-BF4B-00C04F79EFBC}") = "autok", "autok\autok.csproj", "{9E4FA14E-ABCA-439D-A223-EB03803D1079}"
EndProject
Project("{FAE04EC0-301F-11D3-BF4B-00C04F79EFBC}") = "kraterek", "kraterek\kraterek.csproj", "{232F333E-BCEF-416F-98B7-F7AD57769C05}"
EndProject
Project("{FAE04EC0-301F-11D3-BF4B-00C04F79EFBC}") = "szallitoszalag", "szallitoszalag\szallitoszalag.csproj", "{52FEE11B-6B27-45AC-B966-8C3202350BC1}"
EndProject
Project("{FAE04EC0-301F-11D3-BF4B-00C04F79EFBC}") = "VizibicikliKolcsonzo", "VizibicikliKolcsonzo\VizibicikliKolcsonzo.csproj", "{CAD6FC34-FB21-4DBA-A53C-2B6A2104699E}"
EndProject
Project("{FAE04EC0-301F-11D3-BF4B-00C04F79EFBC}") = "fuvar", "fuvar\fuvar.csproj", "{15580053-829A-43F5-87D6-6EEDBF9C5513}"
EndProject
Global
	GlobalSection(SolutionConfigurationPlatforms) = preSolution
		Debug|Any CPU = Debug|Any CPU
		Release|Any CPU = Release|Any CPU
	EndGlobalSection
	GlobalSection(ProjectConfigurationPlatforms) = postSolution
		{0E834661-361A-4C47-B905-532178990E73}.Debug|Any CPU.ActiveCfg = Debug|Any CPU
		{0E834661-361A-4C47-B905-532178990E73}.Debug|Any CPU.Build.0 = Debug|Any CPU
		{0E834661-361A-4C47-B905-532178990E73}.Release|Any CPU.ActiveCfg = Release|Any CPU
		{0E834661-361A-4C47-B905-532178990E73}.Release|Any CPU.Build.0 = Release|Any CPU
		{F1E2322C-AE62-418F-8EB7-463F49A3A05C}.Debug|Any CPU.ActiveCfg = Debug|Any CPU
		{F1E2322C-AE62-418F-8EB7-463F49A3A05C}.Debug|Any CPU.Build.0 = Debug|Any CPU
		{F1E2322C-AE62-418F-8EB7-463F49A3A05C}.Release|Any CPU.ActiveCfg = Release|Any CPU
		{F1E2322C-AE62-418F-8EB7-463F49A3A05C}.Release|Any CPU.Build.0 = Release|Any CPU
		{72545D5C-D408-4F43-9875-F419A3B82B6D}.Debug|Any CPU.ActiveCfg = Debug|Any CPU
		{72545D5C-D408-4F43-9875-F419A3B82B6D}.Debug|Any CPU.Build.0 = Debug|Any CPU
		{72545D5C-D408-4F43-9875-F419A3B82B6D}.Release|Any CPU.ActiveCfg = Release|Any CPU
		{72545D5C-D408-4F43-9875-F419A3B82B6D}.Release|Any CPU.Build.0 = Release|Any CPU
		{FCD638FA-2B54-4FD7-87E3-518478C9FD40}.Debug|Any CPU.ActiveCfg = Debug|Any CPU
		{FCD638FA-2B54-4FD7-87E3-518478C9FD40}.Debug|Any CPU.Build.0 = Debug|Any CPU
		{FCD638FA-2B54-4FD7-87E3-518478C9FD40}.Release|Any CPU.ActiveCfg = Release|Any CPU
		{FCD638FA-2B54-4FD7-87E3-518478C9FD40}.Release|Any CPU.Build.0 = Release|Any CPU
		{E2BC290E-5682-461D-AB7A-D9BB37F54341}.Debug|Any CPU.ActiveCfg = Debug|Any CPU
		{E2BC290E-5682-461D-AB7A-D9BB37F54341}.Debug|Any CPU.Build.0 = Debug|Any CPU
		{E2BC290E-5682-461D-AB7A-D9BB37F54341}.Release|Any CPU.ActiveCfg = Release|Any CPU
		{E2BC290E-5682-461D-AB7A-D9BB37F54341}.Release|Any CPU.Build.0 = Release|Any CPU
		{3FFF529A-D836-43AA-9414-9B84AA603D9C}.Debug|Any CPU.ActiveCfg = Debug|Any CPU
		{3FFF529A-D836-43AA-9414-9B84AA603D9C}.Debug|Any CPU.Build.0 = Debug|Any CPU
		{3FFF529A-D836-43AA-9414-9B84AA603D9C}.Release|Any CPU.ActiveCfg = Release|Any CPU
		{3FFF529A-D836-43AA-9414-9B84AA603D9C}.Release|Any CPU.Build.0 = Release|Any CPU
		{1C018A49-A646-42D9-A793-A483073BCD86}.Debug|Any CPU.ActiveCfg = Debug|Any CPU
		{1C018A49-A646-42D9-A793-A483073BCD86}.Debug|Any CPU.Build.0 = Debug|Any CPU
		{1C018A49-A646-42D9-A793-A483073BCD86}.Release|Any CPU.ActiveCfg = Release|Any CPU
		{1C018A49-A646-42D9-A793-A483073BCD86}.Release|Any CPU.Build.0 = Release|Any CPU
		{644349B3-C27C-43EE-894A-47D7D199F50F}.Debug|Any CPU.ActiveCfg = Debug|Any CPU
		{644349B3-C27C-43EE-894A-47D7D199F50F}.Debug|Any CPU.Build.0 = Debug|Any CPU
		{644349B3-C27C-43EE-894A-47D7D199F50F}.Release|Any CPU.ActiveCfg = Release|Any CPU
		{644349B3-C27C-43EE-894A-47D7D199F50F}.Release|Any CPU.Build.0 = Release|Any CPU
		{D5975C0B-B85F-4A51-9D8C-DB4140C09DA9}.Debug|Any CPU.ActiveCfg = Debug|Any CPU
		{D5975C0B-B85F-4A51-9D8C-DB4140C09DA9}.Debug|Any CPU.Build.0 = Debug|Any CPU
		{D5975C0B-B85F-4A51-9D8C-DB4140C09DA9}.Release|Any CPU.ActiveCfg = Release|Any CPU
		{D5975C0B-B85F-4A51-9D8C-DB4140C09DA9}.Release|Any CPU.Build.0 = Release|Any CPU
		{4C0F976C-CC3C-4DCC-9E26-E329E1BA7401}.Debug|Any CPU.ActiveCfg = Debug|Any CPU
		{4C0F976C-CC3C-4DCC-9E26-E329E1BA7401}.Debug|Any CPU.Build.0 = Debug|Any CPU
		{4C0F976C-CC3C-4DCC-9E26-E329E1BA7401}.Release|Any CPU.ActiveCfg = Release|Any CPU
		{4C0F976C-CC3C-4DCC-9E26-E329E1BA7401}.Release|Any CPU.Build.0 = Release|Any CPU
		{29388DBA-5E3E-4F47-B859-CC7B9A8F0C71}.Debug|Any CPU.ActiveCfg = Debug|Any CPU
		{29388DBA-5E3E-4F47-B859-CC7B9A8F0C71}.Debug|Any CPU.Build.0 = Debug|Any CPU
		{29388DBA-5E3E-4F47-B859-CC7B9A8F0C71}.Release|Any CPU.ActiveCfg = Release|Any CPU
		{29388DBA-5E3E-4F47-B859-CC7B9A8F0C71}.Release|Any CPU.Build.0 = Release|Any CPU
		{DF658042-BF2F-41AE-BFAE-A2AF3180D97A}.Debug|Any CPU.ActiveCfg = Debug|Any CPU
		{DF658042-BF2F-41AE-BFAE-A2AF3180D97A}.Debug|Any CPU.Build.0 = Debug|Any CPU
		{DF658042-BF2F-41AE-BFAE-A2AF3180D97A}.Release|Any CPU.ActiveCfg = Release|Any CPU
		{DF658042-BF2F-41AE-BFAE-A2AF3180D97A}.Release|Any CPU.Build.0 = Release|Any CPU
		{608AB7BF-DA61-4FB1-AB85-683ED345B890}.Debug|Any CPU.ActiveCfg = Debug|Any CPU
		{608AB7BF-DA61-4FB1-AB85-683ED345B890}.Debug|Any CPU.Build.0 = Debug|Any CPU
		{608AB7BF-DA61-4FB1-AB85-683ED345B890}.Release|Any CPU.ActiveCfg = Release|Any CPU
		{608AB7BF-DA61-4FB1-AB85-683ED345B890}.Release|Any CPU.Build.0 = Release|Any CPU
		{757B13EC-DD35-457E-BB53-5A40D9F5497C}.Debug|Any CPU.ActiveCfg = Debug|Any CPU
		{757B13EC-DD35-457E-BB53-5A40D9F5497C}.Debug|Any CPU.Build.0 = Debug|Any CPU
		{757B13EC-DD35-457E-BB53-5A40D9F5497C}.Release|Any CPU.ActiveCfg = Release|Any CPU
		{757B13EC-DD35-457E-BB53-5A40D9F5497C}.Release|Any CPU.Build.0 = Release|Any CPU
		{85A4905C-A255-4E99-B11F-2EDDDCC13781}.Debug|Any CPU.ActiveCfg = Debug|Any CPU
		{85A4905C-A255-4E99-B11F-2EDDDCC13781}.Debug|Any CPU.Build.0 = Debug|Any CPU
		{85A4905C-A255-4E99-B11F-2EDDDCC13781}.Release|Any CPU.ActiveCfg = Release|Any CPU
		{85A4905C-A255-4E99-B11F-2EDDDCC13781}.Release|Any CPU.Build.0 = Release|Any CPU
		{28191268-B292-4092-AA6A-72F3B5449A1B}.Debug|Any CPU.ActiveCfg = Debug|Any CPU
		{28191268-B292-4092-AA6A-72F3B5449A1B}.Debug|Any CPU.Build.0 = Debug|Any CPU
		{28191268-B292-4092-AA6A-72F3B5449A1B}.Release|Any CPU.ActiveCfg = Release|Any CPU
		{28191268-B292-4092-AA6A-72F3B5449A1B}.Release|Any CPU.Build.0 = Release|Any CPU
		{9B87F896-672C-4982-916C-F586CF879BAF}.Debug|Any CPU.ActiveCfg = Debug|Any CPU
		{9B87F896-672C-4982-916C-F586CF879BAF}.Debug|Any CPU.Build.0 = Debug|Any CPU
		{9B87F896-672C-4982-916C-F586CF879BAF}.Release|Any CPU.ActiveCfg = Release|Any CPU
		{9B87F896-672C-4982-916C-F586CF879BAF}.Release|Any CPU.Build.0 = Release|Any CPU
		{CAFC0233-CE67-428F-A458-98C2BCFF6E91}.Debug|Any CPU.ActiveCfg = Debug|Any CPU
		{CAFC0233-CE67-428F-A458-98C2BCFF6E91}.Debug|Any CPU.Build.0 = Debug|Any CPU
		{CAFC0233-CE67-428F-A458-98C2BCFF6E91}.Release|Any CPU.ActiveCfg = Release|Any CPU
		{CAFC0233-CE67-428F-A458-98C2BCFF6E91}.Release|Any CPU.Build.0 = Release|Any CPU
		{772D3036-CC10-4A79-B688-9A859B711D00}.Debug|Any CPU.ActiveCfg = Debug|Any CPU
		{772D3036-CC10-4A79-B688-9A859B711D00}.Debug|Any CPU.Build.0 = Debug|Any CPU
		{772D3036-CC10-4A79-B688-9A859B711D00}.Release|Any CPU.ActiveCfg = Release|Any CPU
		{772D3036-CC10-4A79-B688-9A859B711D00}.Release|Any CPU.Build.0 = Release|Any CPU
		{DF5B9FC8-D189-4669-AE4B-7F3187137BE6}.Debug|Any CPU.ActiveCfg = Debug|Any CPU
		{DF5B9FC8-D189-4669-AE4B-7F3187137BE6}.Debug|Any CPU.Build.0 = Debug|Any CPU
		{DF5B9FC8-D189-4669-AE4B-7F3187137BE6}.Release|Any CPU.ActiveCfg = Release|Any CPU
		{DF5B9FC8-D189-4669-AE4B-7F3187137BE6}.Release|Any CPU.Build.0 = Release|Any CPU
		{E1998260-7494-4A6D-927E-F04907E226BB}.Debug|Any CPU.ActiveCfg = Debug|Any CPU
		{E1998260-7494-4A6D-927E-F04907E226BB}.Debug|Any CPU.Build.0 = Debug|Any CPU
		{E1998260-7494-4A6D-927E-F04907E226BB}.Release|Any CPU.ActiveCfg = Release|Any CPU
		{E1998260-7494-4A6D-927E-F04907E226BB}.Release|Any CPU.Build.0 = Release|Any CPU
		{66CC0E6F-F6B7-4610-8B91-4E6062782234}.Debug|Any CPU.ActiveCfg = Debug|Any CPU
		{66CC0E6F-F6B7-4610-8B91-4E6062782234}.Debug|Any CPU.Build.0 = Debug|Any CPU
		{66CC0E6F-F6B7-4610-8B91-4E6062782234}.Release|Any CPU.ActiveCfg = Release|Any CPU
		{66CC0E6F-F6B7-4610-8B91-4E6062782234}.Release|Any CPU.Build.0 = Release|Any CPU
		{48BCA623-EB8F-43F8-A2D2-0DAD3C98D74E}.Debug|Any CPU.ActiveCfg = Debug|Any CPU
		{48BCA623-EB8F-43F8-A2D2-0DAD3C98D74E}.Debug|Any CPU.Build.0 = Debug|Any CPU
		{48BCA623-EB8F-43F8-A2D2-0DAD3C98D74E}.Release|Any CPU.ActiveCfg = Release|Any CPU
		{48BCA623-EB8F-43F8-A2D2-0DAD3C98D74E}.Release|Any CPU.Build.0 = Release|Any CPU
		{5C79C994-15EE-4FC5-A55C-1348D553E55D}.Debug|Any CPU.ActiveCfg = Debug|Any CPU
		{5C79C994-15EE-4FC5-A55C-1348D553E55D}.Debug|Any CPU.Build.0 = Debug|Any CPU
		{5C79C994-15EE-4FC5-A55C-1348D553E55D}.Release|Any CPU.ActiveCfg = Release|Any CPU
		{5C79C994-15EE-4FC5-A55C-1348D553E55D}.Release|Any CPU.Build.0 = Release|Any CPU
		{A9662B05-12D1-4649-8934-761CCAFBD66E}.Debug|Any CPU.ActiveCfg = Debug|Any CPU
		{A9662B05-12D1-4649-8934-761CCAFBD66E}.Debug|Any CPU.Build.0 = Debug|Any CPU
		{A9662B05-12D1-4649-8934-761CCAFBD66E}.Release|Any CPU.ActiveCfg = Release|Any CPU
		{A9662B05-12D1-4649-8934-761CCAFBD66E}.Release|Any CPU.Build.0 = Release|Any CPU
		{EE0BD42C-35B1-4737-B2B4-72C824D785EA}.Debug|Any CPU.ActiveCfg = Debug|Any CPU
		{EE0BD42C-35B1-4737-B2B4-72C824D785EA}.Debug|Any CPU.Build.0 = Debug|Any CPU
		{EE0BD42C-35B1-4737-B2B4-72C824D785EA}.Release|Any CPU.ActiveCfg = Release|Any CPU
		{EE0BD42C-35B1-4737-B2B4-72C824D785EA}.Release|Any CPU.Build.0 = Release|Any CPU
		{BF5085E2-F951-4A2D-AEA6-A1C179B59120}.Debug|Any CPU.ActiveCfg = Debug|Any CPU
		{BF5085E2-F951-4A2D-AEA6-A1C179B59120}.Debug|Any CPU.Build.0 = Debug|Any CPU
		{BF5085E2-F951-4A2D-AEA6-A1C179B59120}.Release|Any CPU.ActiveCfg = Release|Any CPU
		{BF5085E2-F951-4A2D-AEA6-A1C179B59120}.Release|Any CPU.Build.0 = Release|Any CPU
		{0E8BDC04-19B6-4CE9-A98C-DBDD1A03664D}.Debug|Any CPU.ActiveCfg = Debug|Any CPU
		{0E8BDC04-19B6-4CE9-A98C-DBDD1A03664D}.Debug|Any CPU.Build.0 = Debug|Any CPU
		{0E8BDC04-19B6-4CE9-A98C-DBDD1A03664D}.Release|Any CPU.ActiveCfg = Release|Any CPU
		{0E8BDC04-19B6-4CE9-A98C-DBDD1A03664D}.Release|Any CPU.Build.0 = Release|Any CPU
		{E564EC66-A649-49CD-88C8-61B4892E1AA9}.Debug|Any CPU.ActiveCfg = Debug|Any CPU
		{E564EC66-A649-49CD-88C8-61B4892E1AA9}.Debug|Any CPU.Build.0 = Debug|Any CPU
		{E564EC66-A649-49CD-88C8-61B4892E1AA9}.Release|Any CPU.ActiveCfg = Release|Any CPU
		{E564EC66-A649-49CD-88C8-61B4892E1AA9}.Release|Any CPU.Build.0 = Release|Any CPU
		{25B430EC-3C99-48D2-B0E1-374A3251E4F2}.Debug|Any CPU.ActiveCfg = Debug|Any CPU
		{25B430EC-3C99-48D2-B0E1-374A3251E4F2}.Debug|Any CPU.Build.0 = Debug|Any CPU
		{25B430EC-3C99-48D2-B0E1-374A3251E4F2}.Release|Any CPU.ActiveCfg = Release|Any CPU
		{25B430EC-3C99-48D2-B0E1-374A3251E4F2}.Release|Any CPU.Build.0 = Release|Any CPU
		{9E4FA14E-ABCA-439D-A223-EB03803D1079}.Debug|Any CPU.ActiveCfg = Debug|Any CPU
		{9E4FA14E-ABCA-439D-A223-EB03803D1079}.Debug|Any CPU.Build.0 = Debug|Any CPU
		{9E4FA14E-ABCA-439D-A223-EB03803D1079}.Release|Any CPU.ActiveCfg = Release|Any CPU
		{9E4FA14E-ABCA-439D-A223-EB03803D1079}.Release|Any CPU.Build.0 = Release|Any CPU
		{232F333E-BCEF-416F-98B7-F7AD57769C05}.Debug|Any CPU.ActiveCfg = Debug|Any CPU
		{232F333E-BCEF-416F-98B7-F7AD57769C05}.Debug|Any CPU.Build.0 = Debug|Any CPU
		{232F333E-BCEF-416F-98B7-F7AD57769C05}.Release|Any CPU.ActiveCfg = Release|Any CPU
		{232F333E-BCEF-416F-98B7-F7AD57769C05}.Release|Any CPU.Build.0 = Release|Any CPU
		{52FEE11B-6B27-45AC-B966-8C3202350BC1}.Debug|Any CPU.ActiveCfg = Debug|Any CPU
		{52FEE11B-6B27-45AC-B966-8C3202350BC1}.Debug|Any CPU.Build.0 = Debug|Any CPU
		{52FEE11B-6B27-45AC-B966-8C3202350BC1}.Release|Any CPU.ActiveCfg = Release|Any CPU
		{52FEE11B-6B27-45AC-B966-8C3202350BC1}.Release|Any CPU.Build.0 = Release|Any CPU
		{CAD6FC34-FB21-4DBA-A53C-2B6A2104699E}.Debug|Any CPU.ActiveCfg = Debug|Any CPU
		{CAD6FC34-FB21-4DBA-A53C-2B6A2104699E}.Debug|Any CPU.Build.0 = Debug|Any CPU
		{CAD6FC34-FB21-4DBA-A53C-2B6A2104699E}.Release|Any CPU.ActiveCfg = Release|Any CPU
		{CAD6FC34-FB21-4DBA-A53C-2B6A2104699E}.Release|Any CPU.Build.0 = Release|Any CPU
		{15580053-829A-43F5-87D6-6EEDBF9C5513}.Debug|Any CPU.ActiveCfg = Debug|Any CPU
		{15580053-829A-43F5-87D6-6EEDBF9C5513}.Debug|Any CPU.Build.0 = Debug|Any CPU
		{15580053-829A-43F5-87D6-6EEDBF9C5513}.Release|Any CPU.ActiveCfg = Release|Any CPU
		{15580053-829A-43F5-87D6-6EEDBF9C5513}.Release|Any CPU.Build.0 = Release|Any CPU
	EndGlobalSection
	GlobalSection(SolutionProperties) = preSolution
		HideSolutionNode = FALSE
	EndGlobalSection
	GlobalSection(ExtensibilityGlobals) = postSolution
		SolutionGuid = {54673B4D-E603-4EFA-94C7-68F363C555B5}
	EndGlobalSection
EndGlobal
